{
  "version": 4,
  "terraform_version": "1.3.7",
  "serial": 9,
  "lineage": "3b14a035-9cc5-2c80-5398-13f503086587",
  "outputs": {},
  "resources": [
    {
      "mode": "managed",
      "type": "oci_core_default_route_table",
      "name": "generated_oci_core_default_route_table",
      "provider": "provider[\"registry.terraform.io/oracle/oci\"]",
      "instances": [
        {
          "schema_version": 0,
          "attributes": {
            "compartment_id": "ocid1.tenancy.oc1..aaaaaaaa3qg5nvuc7y45e7cmxe64lctbhh6j7v2vggqioyymrkjpi5i3mm7q",
            "defined_tags": {
              "Oracle-Tags.CreatedBy": "default/ngeorger@gmail.com",
              "Oracle-Tags.CreatedOn": "2023-02-08T04:31:35.832Z"
            },
            "display_name": "Default Route Table for vcn-sredevops-root",
            "freeform_tags": {},
            "id": "ocid1.routetable.oc1.sa-santiago-1.aaaaaaaa3sxe4hm2vymy3rfmnkdtm3ccg2bjqccng2ry2dowwv3ymriqgvsq",
            "manage_default_resource_id": "ocid1.routetable.oc1.sa-santiago-1.aaaaaaaa3sxe4hm2vymy3rfmnkdtm3ccg2bjqccng2ry2dowwv3ymriqgvsq",
            "route_rules": [
              {
                "cidr_block": "",
                "description": "",
                "destination": "0.0.0.0/0",
                "destination_type": "CIDR_BLOCK",
                "network_entity_id": "ocid1.internetgateway.oc1.sa-santiago-1.aaaaaaaa3rh2vvre7p64fflvfhbu5l4l6obofsrwkxibvcxisnhayay67geq",
                "route_type": ""
              }
            ],
            "state": "AVAILABLE",
            "time_created": "2023-02-08 04:31:36.082 +0000 UTC",
            "timeouts": null
          },
          "sensitive_attributes": [],
          "private": "eyJlMmJmYjczMC1lY2FhLTExZTYtOGY4OC0zNDM2M2JjN2M0YzAiOnsiY3JlYXRlIjoxMjAwMDAwMDAwMDAwLCJkZWxldGUiOjEyMDAwMDAwMDAwMDAsInVwZGF0ZSI6MTIwMDAwMDAwMDAwMH19",
          "dependencies": [
            "oci_core_internet_gateway.generated_oci_core_internet_gateway",
            "oci_core_vcn.generated_oci_core_vcn"
          ]
        }
      ]
    },
    {
      "mode": "managed",
      "type": "oci_core_instance",
      "name": "generated_oci_core_instance",
      "provider": "provider[\"registry.terraform.io/oracle/oci\"]",
      "instances": [
        {
          "schema_version": 0,
          "attributes": {
            "agent_config": [
              {
                "are_all_plugins_disabled": false,
                "is_management_disabled": false,
                "is_monitoring_disabled": false,
                "plugins_config": [
                  {
                    "desired_state": "ENABLED",
                    "name": "Vulnerability Scanning"
                  },
                  {
                    "desired_state": "ENABLED",
                    "name": "Compute Instance Monitoring"
                  },
                  {
                    "desired_state": "ENABLED",
                    "name": "Bastion"
                  }
                ]
              }
            ],
            "async": null,
            "availability_config": [
              {
                "is_live_migration_preferred": false,
                "recovery_action": "RESTORE_INSTANCE"
              }
            ],
            "availability_domain": "CQhm:SA-SANTIAGO-1-AD-1",
            "boot_volume_id": "ocid1.bootvolume.oc1.sa-santiago-1.abzwgljr6lxe4suqldcoibda2mhx7tr3zh2m64kpigmzcjd3qiedkc3jrsiq",
            "capacity_reservation_id": null,
            "compartment_id": "ocid1.tenancy.oc1..aaaaaaaa3qg5nvuc7y45e7cmxe64lctbhh6j7v2vggqioyymrkjpi5i3mm7q",
            "create_vnic_details": [
              {
                "assign_private_dns_record": true,
                "assign_public_ip": "true",
                "defined_tags": {
                  "Oracle-Tags.CreatedBy": "default/ngeorger@gmail.com",
                  "Oracle-Tags.CreatedOn": "2023-02-08T04:34:10.718Z"
                },
                "display_name": "gitops-oci",
                "freeform_tags": {
                  "sredevops": "true"
                },
                "hostname_label": "gitops-oci",
                "nsg_ids": null,
                "private_ip": "10.0.10.9",
                "skip_source_dest_check": false,
                "subnet_id": "ocid1.subnet.oc1.sa-santiago-1.aaaaaaaa67yr4hoq3a4o6nlh4yhapwexzb723esbbyucjdq5pozn7aq5qvga",
                "vlan_id": ""
              }
            ],
            "dedicated_vm_host_id": null,
            "defined_tags": {
              "Oracle-Tags.CreatedBy": "default/ngeorger@gmail.com",
              "Oracle-Tags.CreatedOn": "2023-02-08T04:34:10.592Z"
            },
            "display_name": "gitops-oci",
            "extended_metadata": null,
            "fault_domain": "FAULT-DOMAIN-2",
            "freeform_tags": {
              "sredevops": "true"
            },
            "hostname_label": "gitops-oci",
            "id": "ocid1.instance.oc1.sa-santiago-1.anzwgljrvwyqezicdy7lvbod3zthxgcqk6rvmjustyasz74vy332lau3sv3a",
            "image": "ocid1.image.oc1.sa-santiago-1.aaaaaaaaadiqnbco7egs2umnubgaqxv64qxs4jfr7gyqb7u5sy56qtgxk4eq",
            "instance_options": [
              {
                "are_legacy_imds_endpoints_disabled": false
              }
            ],
            "ipxe_script": null,
            "is_pv_encryption_in_transit_enabled": true,
            "launch_mode": "PARAVIRTUALIZED",
            "launch_options": [
              {
                "boot_volume_type": "PARAVIRTUALIZED",
                "firmware": "UEFI_64",
                "is_consistent_volume_naming_enabled": true,
                "is_pv_encryption_in_transit_enabled": true,
                "network_type": "PARAVIRTUALIZED",
                "remote_data_volume_type": "PARAVIRTUALIZED"
              }
            ],
            "metadata": {
              "ssh_authorized_keys": "ssh-rsa AAAAB3NzaC1yc2EAAAADAQABAAACAAvfQXuiFLBPIPLIjjYLJkQ2IrRszpa+oAgvwr5RAvczrphyODfABogyftngryPnUD2mrzCwk5V2M5MqQlljnZzfRey1Q89gI5MNiwPAWawfai4d7uS8GULT5rh8+U1BtyJkwWQ4x0HYA+nLITi9L97bB3UkC8bdYcMU3g3MGSfnPD6q6K2LwMeTaC4i1B97WJWSsJfClGk7bjDLCaFn0nHoSpxdQTcsTcWYdbsz12X0+N+HxhjXLyBFA/P7hKoe+pW7m1etxG/zWPQLE3w52kcX11h2AKxVOKqp5ZaqUMayi8cto4XF22HUCzNtS4PfNvcfQ20B7urQ83ODACrfiUlfy5fXLnyyIcQef5XD4t+SFRvgmqXyL8OBC9SBmBbcDkFwwxZ0LGHNqP1yKOi1m6zsQKjuAmMqadAiJxWTj1WW+Hp1OG+sgkeMGBe3gYUzBr6vlBKB4V3vVMIVWtqC1L9LNvZ9glbNTMHZtSUq1/Ip4/7QWHA6iheBZCijD/yGupUSKBQ1krNimWDKlRzgXJvbizxcY3AJV7j3N9XMXKJT1nWkGF43gyuFWi08CRZCwRJnea2K58UhgQklobSOBaTEHiQYYPzXpK0e+U/3HrujkhMEeADTz9OAvn++GiIs0xisjdTdXEBVUDpLFVfuzJ7oNol8awhDmj0K6T7IocBN nicog@m1pro.local"
            },
            "platform_config": [],
            "preemptible_instance_config": [],
            "preserve_boot_volume": null,
            "private_ip": "10.0.10.9",
            "public_ip": "144.22.52.13",
            "region": "sa-santiago-1",
            "shape": "VM.Standard.A1.Flex",
            "shape_config": [
              {
                "baseline_ocpu_utilization": "",
                "gpu_description": "",
                "gpus": 0,
                "local_disk_description": "",
                "local_disks": 0,
                "local_disks_total_size_in_gbs": 0,
                "max_vnic_attachments": 2,
                "memory_in_gbs": 12,
                "networking_bandwidth_in_gbps": 2,
                "nvmes": 0,
                "ocpus": 2,
                "processor_description": "3.0 GHz Ampere® Altra™"
              }
            ],
            "source_details": [
              {
                "boot_volume_size_in_gbs": "50",
                "boot_volume_vpus_per_gb": "10",
                "kms_key_id": "",
                "source_id": "ocid1.image.oc1.sa-santiago-1.aaaaaaaaadiqnbco7egs2umnubgaqxv64qxs4jfr7gyqb7u5sy56qtgxk4eq",
                "source_type": "image"
              }
            ],
            "state": "RUNNING",
            "subnet_id": "ocid1.subnet.oc1.sa-santiago-1.aaaaaaaa67yr4hoq3a4o6nlh4yhapwexzb723esbbyucjdq5pozn7aq5qvga",
            "system_tags": {},
            "time_created": "2023-02-08 04:34:11.081 +0000 UTC",
            "time_maintenance_reboot_due": "",
            "timeouts": null
          },
          "sensitive_attributes": [],
          "private": "eyJlMmJmYjczMC1lY2FhLTExZTYtOGY4OC0zNDM2M2JjN2M0YzAiOnsiY3JlYXRlIjoyNzAwMDAwMDAwMDAwLCJkZWxldGUiOjQ1MDAwMDAwMDAwMDAsInVwZGF0ZSI6MjcwMDAwMDAwMDAwMH19",
          "dependencies": [
            "oci_core_subnet.generated_oci_core_subnet"
          ]
        }
      ]
    },
    {
      "mode": "managed",
      "type": "oci_core_internet_gateway",
      "name": "generated_oci_core_internet_gateway",
      "provider": "provider[\"registry.terraform.io/oracle/oci\"]",
      "instances": [
        {
          "schema_version": 0,
          "attributes": {
            "compartment_id": "ocid1.tenancy.oc1..aaaaaaaa3qg5nvuc7y45e7cmxe64lctbhh6j7v2vggqioyymrkjpi5i3mm7q",
            "defined_tags": {
              "Oracle-Tags.CreatedBy": "default/ngeorger@gmail.com",
              "Oracle-Tags.CreatedOn": "2023-02-08T04:31:36.752Z"
            },
            "display_name": "Internet Gateway vcn-sredevops-root",
            "enabled": true,
            "freeform_tags": {},
            "id": "ocid1.internetgateway.oc1.sa-santiago-1.aaaaaaaa3rh2vvre7p64fflvfhbu5l4l6obofsrwkxibvcxisnhayay67geq",
            "route_table_id": null,
            "state": "AVAILABLE",
            "time_created": "2023-02-08 04:31:36.799 +0000 UTC",
            "timeouts": null,
            "vcn_id": "ocid1.vcn.oc1.sa-santiago-1.amaaaaaavwyqezia5pz2ik7n4gehqtepl5x2ev5ahfg3yrxi4fjaw7wwrzsa"
          },
          "sensitive_attributes": [],
          "private": "eyJlMmJmYjczMC1lY2FhLTExZTYtOGY4OC0zNDM2M2JjN2M0YzAiOnsiY3JlYXRlIjoxMjAwMDAwMDAwMDAwLCJkZWxldGUiOjEyMDAwMDAwMDAwMDAsInVwZGF0ZSI6MTIwMDAwMDAwMDAwMH19",
          "dependencies": [
            "oci_core_vcn.generated_oci_core_vcn"
          ]
        }
      ]
    },
    {
      "mode": "managed",
      "type": "oci_core_subnet",
      "name": "generated_oci_core_subnet",
      "provider": "provider[\"registry.terraform.io/oracle/oci\"]",
      "instances": [
        {
          "schema_version": 0,
          "attributes": {
            "availability_domain": null,
            "cidr_block": "10.0.10.0/24",
            "compartment_id": "ocid1.tenancy.oc1..aaaaaaaa3qg5nvuc7y45e7cmxe64lctbhh6j7v2vggqioyymrkjpi5i3mm7q",
            "defined_tags": {
              "Oracle-Tags.CreatedBy": "default/ngeorger@gmail.com",
              "Oracle-Tags.CreatedOn": "2023-02-08T04:31:36.811Z"
            },
            "dhcp_options_id": "ocid1.dhcpoptions.oc1.sa-santiago-1.aaaaaaaarms7jzzo33nmehfelycqcnvl2fxlhr6umkveksbqybq5kqpvfwwq",
            "display_name": "subnet-sredevops-root",
            "dns_label": "subnet02072354",
            "freeform_tags": {},
            "id": "ocid1.subnet.oc1.sa-santiago-1.aaaaaaaa67yr4hoq3a4o6nlh4yhapwexzb723esbbyucjdq5pozn7aq5qvga",
            "ipv6cidr_block": null,
            "ipv6cidr_blocks": [],
            "ipv6virtual_router_ip": null,
            "prohibit_internet_ingress": false,
            "prohibit_public_ip_on_vnic": false,
            "route_table_id": "ocid1.routetable.oc1.sa-santiago-1.aaaaaaaa3sxe4hm2vymy3rfmnkdtm3ccg2bjqccng2ry2dowwv3ymriqgvsq",
            "security_list_ids": [
              "ocid1.securitylist.oc1.sa-santiago-1.aaaaaaaagl6yhbkdooxkhtlkhdm2gsqqvjufhbqqczrgcrj7coemhurwlioa"
            ],
            "state": "AVAILABLE",
            "subnet_domain_name": "subnet02072354.vcn02072354.oraclevcn.com",
            "time_created": "2023-02-08 04:31:36.874 +0000 UTC",
            "timeouts": null,
            "vcn_id": "ocid1.vcn.oc1.sa-santiago-1.amaaaaaavwyqezia5pz2ik7n4gehqtepl5x2ev5ahfg3yrxi4fjaw7wwrzsa",
            "virtual_router_ip": "10.0.10.1",
            "virtual_router_mac": "00:00:17:DC:BD:81"
          },
          "sensitive_attributes": [],
          "private": "eyJlMmJmYjczMC1lY2FhLTExZTYtOGY4OC0zNDM2M2JjN2M0YzAiOnsiY3JlYXRlIjoxMjAwMDAwMDAwMDAwLCJkZWxldGUiOjEyMDAwMDAwMDAwMDAsInVwZGF0ZSI6MTIwMDAwMDAwMDAwMH19",
          "dependencies": [
            "oci_core_vcn.generated_oci_core_vcn"
          ]
        }
      ]
    },
    {
      "mode": "managed",
      "type": "oci_core_vcn",
      "name": "generated_oci_core_vcn",
      "provider": "provider[\"registry.terraform.io/oracle/oci\"]",
      "instances": [
        {
          "schema_version": 0,
          "attributes": {
            "byoipv6cidr_blocks": [],
            "byoipv6cidr_details": [],
            "cidr_block": "10.0.0.0/16",
            "cidr_blocks": [
              "10.0.0.0/16"
            ],
            "compartment_id": "ocid1.tenancy.oc1..aaaaaaaa3qg5nvuc7y45e7cmxe64lctbhh6j7v2vggqioyymrkjpi5i3mm7q",
            "default_dhcp_options_id": "ocid1.dhcpoptions.oc1.sa-santiago-1.aaaaaaaarms7jzzo33nmehfelycqcnvl2fxlhr6umkveksbqybq5kqpvfwwq",
            "default_route_table_id": "ocid1.routetable.oc1.sa-santiago-1.aaaaaaaa3sxe4hm2vymy3rfmnkdtm3ccg2bjqccng2ry2dowwv3ymriqgvsq",
            "default_security_list_id": "ocid1.securitylist.oc1.sa-santiago-1.aaaaaaaagl6yhbkdooxkhtlkhdm2gsqqvjufhbqqczrgcrj7coemhurwlioa",
            "defined_tags": {
              "Oracle-Tags.CreatedBy": "default/ngeorger@gmail.com",
              "Oracle-Tags.CreatedOn": "2023-02-08T04:31:35.832Z"
            },
            "display_name": "vcn-sredevops-root",
            "dns_label": "vcn02072354",
            "freeform_tags": {},
            "id": "ocid1.vcn.oc1.sa-santiago-1.amaaaaaavwyqezia5pz2ik7n4gehqtepl5x2ev5ahfg3yrxi4fjaw7wwrzsa",
            "ipv6cidr_blocks": [],
            "ipv6private_cidr_blocks": [],
            "is_ipv6enabled": false,
            "is_oracle_gua_allocation_enabled": null,
            "state": "AVAILABLE",
            "time_created": "2023-02-08 04:31:36.082 +0000 UTC",
            "timeouts": null,
            "vcn_domain_name": "vcn02072354.oraclevcn.com"
          },
          "sensitive_attributes": [],
          "private": "eyJlMmJmYjczMC1lY2FhLTExZTYtOGY4OC0zNDM2M2JjN2M0YzAiOnsiY3JlYXRlIjoxMjAwMDAwMDAwMDAwLCJkZWxldGUiOjEyMDAwMDAwMDAwMDAsInVwZGF0ZSI6MTIwMDAwMDAwMDAwMH19"
        }
      ]
    },
    {
      "mode": "managed",
      "type": "oci_core_volume",
      "name": "shared_50gb_oci_core_volume",
      "provider": "provider[\"registry.terraform.io/oracle/oci\"]",
      "instances": [
        {
          "schema_version": 0,
          "attributes": {
            "auto_tuned_vpus_per_gb": null,
            "autotune_policies": [],
            "availability_domain": "CQhm:SA-SANTIAGO-1-AD-1",
            "backup_policy_id": null,
            "block_volume_replicas": [],
            "block_volume_replicas_deletion": null,
            "compartment_id": "ocid1.tenancy.oc1..aaaaaaaa3qg5nvuc7y45e7cmxe64lctbhh6j7v2vggqioyymrkjpi5i3mm7q",
            "defined_tags": {
              "Oracle-Tags.CreatedBy": "default/ngeorger@gmail.com",
              "Oracle-Tags.CreatedOn": "2023-02-08T04:31:36.031Z"
            },
            "display_name": "50gb_shared",
            "freeform_tags": {
              "sredevops": "true"
            },
            "id": "ocid1.volume.oc1.sa-santiago-1.abzwgljrvm3x2mdpuy2ux46xwodfgaywe6s6ld2fcidxigqoq6m5cuatilqa",
            "is_auto_tune_enabled": false,
            "is_hydrated": true,
            "kms_key_id": null,
            "size_in_gbs": "50",
            "size_in_mbs": "51200",
            "source_details": [],
            "state": "AVAILABLE",
            "system_tags": {
              "orcl-cloud.free-tier-retained": "true"
            },
            "time_created": "2023-02-08 04:31:36.049 +0000 UTC",
            "timeouts": null,
            "volume_backup_id": null,
            "volume_group_id": null,
            "vpus_per_gb": "10"
          },
          "sensitive_attributes": [],
          "private": "eyJlMmJmYjczMC1lY2FhLTExZTYtOGY4OC0zNDM2M2JjN2M0YzAiOnsiY3JlYXRlIjoxMjAwMDAwMDAwMDAwLCJkZWxldGUiOjEyMDAwMDAwMDAwMDAsInVwZGF0ZSI6MTIwMDAwMDAwMDAwMH19"
        }
      ]
    }
  ],
  "check_results": null
}
